
Microsoft Visual Studio Solution File, Format Version 12.00
# Visual Studio Version 17
VisualStudioVersion = 17.10.35013.160
MinimumVisualStudioVersion = 10.0.40219.1
Project("{FAE04EC0-301F-11D3-BF4B-00C04F79EFBC}") = "Student", "Student\Student.csproj", "{C8399726-5241-4F8B-854B-3D272CA647F5}"
EndProject
Global
	GlobalSection(SolutionConfigurationPlatforms) = preSolution
		Debug|Any CPU = Debug|Any CPU
		Release|Any CPU = Release|Any CPU
	EndGlobalSection
	GlobalSection(ProjectConfigurationPlatforms) = postSolution
		{C8399726-5241-4F8B-854B-3D272CA647F5}.Debug|Any CPU.ActiveCfg = Debug|Any CPU
		{C8399726-5241-4F8B-854B-3D272CA647F5}.Debug|Any CPU.Build.0 = Debug|Any CPU
		{C8399726-5241-4F8B-854B-3D272CA647F5}.Release|Any CPU.ActiveCfg = Release|Any CPU
		{C8399726-5241-4F8B-854B-3D272CA647F5}.Release|Any CPU.Build.0 = Release|Any CPU
	EndGlobalSection
	GlobalSection(SolutionProperties) = preSolution
		HideSolutionNode = FALSE
	EndGlobalSection
	GlobalSection(ExtensibilityGlobals) = postSolution
		SolutionGuid = {ABA4B5F4-FBE2-4C2C-8C3F-F6E6A1B153A4}
	EndGlobalSection
EndGlobal
